
Microsoft Visual Studio Solution File, Format Version 12.00
# Visual Studio Version 17
VisualStudioVersion = 17.8.34316.72
MinimumVisualStudioVersion = 10.0.40219.1
Project("{9A19103F-16F7-4668-BE54-9A1E7A4F7556}") = "FunGame.GameMap.OfficialStandard", "FunGame.GameMap.OfficialStandard.csproj", "{F3842D21-0758-4EC4-AA54-8CBB269C42B6}"
EndProject
Global
	GlobalSection(SolutionConfigurationPlatforms) = preSolution
		Debug|Any CPU = Debug|Any CPU
		Release|Any CPU = Release|Any CPU
	EndGlobalSection
	GlobalSection(ProjectConfigurationPlatforms) = postSolution
		{F3842D21-0758-4EC4-AA54-8CBB269C42B6}.Debug|Any CPU.ActiveCfg = Debug|Any CPU
		{F3842D21-0758-4EC4-AA54-8CBB269C42B6}.Debug|Any CPU.Build.0 = Debug|Any CPU
		{F3842D21-0758-4EC4-AA54-8CBB269C42B6}.Release|Any CPU.ActiveCfg = Release|Any CPU
		{F3842D21-0758-4EC4-AA54-8CBB269C42B6}.Release|Any CPU.Build.0 = Release|Any CPU
	EndGlobalSection
	GlobalSection(SolutionProperties) = preSolution
		HideSolutionNode = FALSE
	EndGlobalSection
	GlobalSection(ExtensibilityGlobals) = postSolution
		SolutionGuid = {FB239A16-2401-4D27-AD29-A198FE95F065}
	EndGlobalSection
EndGlobal
